{
  "name": "appauth",
  "version": "1.0.0",
  "lockfileVersion": 1,
  "requires": true,
  "dependencies": {
    "@actions/core": {
      "version": "1.2.6",
      "resolved": "https://registry.npmjs.org/@actions/core/-/core-1.2.6.tgz",
      "integrity": "sha512-ZQYitnqiyBc3D+k7LsgSBmMDVkOVidaagDG7j3fOym77jNunWRuYx7VSHa9GNfFZh+zh61xsCjRj4JxMZlDqTA=="
    },
    "@actions/github": {
      "version": "5.0.0",
      "resolved": "https://registry.npmjs.org/@actions/github/-/github-5.0.0.tgz",
      "integrity": "sha512-QvE9eAAfEsS+yOOk0cylLBIO/d6WyWIOvsxxzdrPFaud39G6BOkUwScXZn1iBzQzHyu9SBkkLSWlohDWdsasAQ==",
      "requires": {
        "@actions/http-client": "^1.0.11",
        "@octokit/core": "^3.4.0",
        "@octokit/plugin-paginate-rest": "^2.13.3",
        "@octokit/plugin-rest-endpoint-methods": "^5.1.1"
      },
      "dependencies": {
        "@octokit/core": {
          "version": "3.4.0",
          "resolved": "https://registry.npmjs.org/@octokit/core/-/core-3.4.0.tgz",
          "integrity": "sha512-6/vlKPP8NF17cgYXqucdshWqmMZGXkuvtcrWCgU5NOI0Pl2GjlmZyWgBMrU8zJ3v2MJlM6++CiB45VKYmhiWWg==",
          "requires": {
            "@octokit/auth-token": "^2.4.4",
            "@octokit/graphql": "^4.5.8",
            "@octokit/request": "^5.4.12",
            "@octokit/request-error": "^2.0.5",
            "@octokit/types": "^6.0.3",
            "before-after-hook": "^2.2.0",
            "universal-user-agent": "^6.0.0"
          }
        },
        "@octokit/openapi-types": {
          "version": "7.0.0",
          "resolved": "https://registry.npmjs.org/@octokit/openapi-types/-/openapi-types-7.0.0.tgz",
          "integrity": "sha512-gV/8DJhAL/04zjTI95a7FhQwS6jlEE0W/7xeYAzuArD0KVAVWDLP2f3vi98hs3HLTczxXdRK/mF0tRoQPpolEw=="
        },
        "@octokit/plugin-paginate-rest": {
          "version": "2.13.3",
          "resolved": "https://registry.npmjs.org/@octokit/plugin-paginate-rest/-/plugin-paginate-rest-2.13.3.tgz",
          "integrity": "sha512-46lptzM9lTeSmIBt/sVP/FLSTPGx6DCzAdSX3PfeJ3mTf4h9sGC26WpaQzMEq/Z44cOcmx8VsOhO+uEgE3cjYg==",
          "requires": {
            "@octokit/types": "^6.11.0"
          },
          "dependencies": {
            "@octokit/types": {
              "version": "6.14.2",
              "resolved": "https://registry.npmjs.org/@octokit/types/-/types-6.14.2.tgz",
              "integrity": "sha512-wiQtW9ZSy4OvgQ09iQOdyXYNN60GqjCL/UdMsepDr1Gr0QzpW6irIKbH3REuAHXAhxkEk9/F2a3Gcs1P6kW5jA==",
              "requires": {
                "@octokit/openapi-types": "^7.0.0"
              }
            }
          }
        },
        "@octokit/plugin-rest-endpoint-methods": {
          "version": "5.1.1",
          "resolved": "https://registry.npmjs.org/@octokit/plugin-rest-endpoint-methods/-/plugin-rest-endpoint-methods-5.1.1.tgz",
          "integrity": "sha512-u4zy0rVA8darm/AYsIeWkRalhQR99qPL1D/EXHejV2yaECMdHfxXiTXtba8NMBSajOJe8+C9g+EqMKSvysx0dg==",
          "requires": {
            "@octokit/types": "^6.14.1",
            "deprecation": "^2.3.1"
          },
          "dependencies": {
            "@octokit/types": {
              "version": "6.14.2",
              "resolved": "https://registry.npmjs.org/@octokit/types/-/types-6.14.2.tgz",
              "integrity": "sha512-wiQtW9ZSy4OvgQ09iQOdyXYNN60GqjCL/UdMsepDr1Gr0QzpW6irIKbH3REuAHXAhxkEk9/F2a3Gcs1P6kW5jA==",
              "requires": {
                "@octokit/openapi-types": "^7.0.0"
              }
            }
          }
        },
        "@octokit/request-error": {
          "version": "2.0.5",
          "resolved": "https://registry.npmjs.org/@octokit/request-error/-/request-error-2.0.5.tgz",
          "integrity": "sha512-T/2wcCFyM7SkXzNoyVNWjyVlUwBvW3igM3Btr/eKYiPmucXTtkxt2RBsf6gn3LTzaLSLTQtNmvg+dGsOxQrjZg==",
          "requires": {
            "@octokit/types": "^6.0.3",
            "deprecation": "^2.0.0",
            "once": "^1.4.0"
          }
        },
        "before-after-hook": {
          "version": "2.2.1",
          "resolved": "https://registry.npmjs.org/before-after-hook/-/before-after-hook-2.2.1.tgz",
          "integrity": "sha512-/6FKxSTWoJdbsLDF8tdIjaRiFXiE6UHsEHE3OPI/cwPURCVi1ukP0gmLn7XWEiFk5TcwQjjY5PWsU+j+tgXgmw=="
        }
      }
    },
    "@actions/http-client": {
      "version": "1.0.11",
      "resolved": "https://registry.npmjs.org/@actions/http-client/-/http-client-1.0.11.tgz",
      "integrity": "sha512-VRYHGQV1rqnROJqdMvGUbY/Kn8vriQe/F9HR2AlYHzmKuM/p3kjNuXhmdBfcVgsvRWTz5C5XW5xvndZrVBuAYg==",
      "requires": {
        "tunnel": "0.0.6"
      }
    },
    "@octokit/auth-app": {
      "version": "4.0.4",
      "resolved": "https://registry.npmjs.org/@octokit/auth-app/-/auth-app-4.0.4.tgz",
      "integrity": "sha512-s3MK7M9e8TD/ih8lCBTrdZ74XPHMtHV7aycCKNBRQ2QJPdMwqx0mVbmLOIuW4dCwMX7K243+JAvf52tryFHRdQ==",
      "requires": {
        "@octokit/auth-oauth-app": "^5.0.0",
        "@octokit/auth-oauth-user": "^2.0.0",
        "@octokit/request": "^6.0.0",
        "@octokit/request-error": "^3.0.0",
        "@octokit/types": "^6.0.3",
        "@types/lru-cache": "^5.1.0",
        "deprecation": "^2.3.1",
        "lru-cache": "^6.0.0",
        "universal-github-app-jwt": "^1.0.1",
        "universal-user-agent": "^6.0.0"
      },
      "dependencies": {
        "@octokit/endpoint": {
          "version": "7.0.0",
          "resolved": "https://registry.npmjs.org/@octokit/endpoint/-/endpoint-7.0.0.tgz",
          "integrity": "sha512-Kz/mIkOTjs9rV50hf/JK9pIDl4aGwAtT8pry6Rpy+hVXkAPhXanNQRxMoq6AeRgDCZR6t/A1zKniY2V1YhrzlQ==",
          "requires": {
            "@octokit/types": "^6.0.3",
            "is-plain-object": "^5.0.0",
            "universal-user-agent": "^6.0.0"
          }
        },
        "@octokit/openapi-types": {
          "version": "12.8.0",
          "resolved": "https://registry.npmjs.org/@octokit/openapi-types/-/openapi-types-12.8.0.tgz",
          "integrity": "sha512-ydcKLs2KKcxlhpdWLzJxEBDEk/U5MUeqtqkXlrtAUXXFPs6vLl1PEGghFC/BbpleosB7iXs0Z4P2DGe7ZT5ZNg=="
        },
        "@octokit/request": {
          "version": "6.0.2",
          "resolved": "https://registry.npmjs.org/@octokit/request/-/request-6.0.2.tgz",
          "integrity": "sha512-WPMcm8nUET2v6P5AbTIhNzEorMLFPbFnzfP/VMAaRFwNzaqHmVvS+YLvqtWyKq0vnZ6a9ImQuCHNb3L4oNovRw==",
          "requires": {
            "@octokit/endpoint": "^7.0.0",
            "@octokit/request-error": "^3.0.0",
            "@octokit/types": "^6.16.1",
            "is-plain-object": "^5.0.0",
            "node-fetch": "^2.6.7",
            "universal-user-agent": "^6.0.0"
          },
          "dependencies": {
            "@octokit/types": {
              "version": "6.39.0",
              "resolved": "https://registry.npmjs.org/@octokit/types/-/types-6.39.0.tgz",
              "integrity": "sha512-Mq4N9sOAYCitTsBtDdRVrBE80lIrMBhL9Jbrw0d+j96BAzlq4V+GLHFJbHokEsVvO/9tQupQdoFdgVYhD2C8UQ==",
              "requires": {
                "@octokit/openapi-types": "^12.7.0"
              }
            }
          }
        },
        "@octokit/request-error": {
          "version": "3.0.0",
          "resolved": "https://registry.npmjs.org/@octokit/request-error/-/request-error-3.0.0.tgz",
          "integrity": "sha512-WBtpzm9lR8z4IHIMtOqr6XwfkGvMOOILNLxsWvDwtzm/n7f5AWuqJTXQXdDtOvPfTDrH4TPhEvW2qMlR4JFA2w==",
          "requires": {
            "@octokit/types": "^6.0.3",
            "deprecation": "^2.0.0",
            "once": "^1.4.0"
          }
        },
        "node-fetch": {
          "version": "2.6.7",
          "resolved": "https://registry.npmjs.org/node-fetch/-/node-fetch-2.6.7.tgz",
          "integrity": "sha512-ZjMPFEfVx5j+y2yF35Kzx5sF7kDzxuDj6ziH4FFbOp87zKDZNx8yExJIb05OGF4Nlt9IHFIMBkRl41VdvcNdbQ==",
          "requires": {
            "whatwg-url": "^5.0.0"
          }
        }
      }
    },
    "@octokit/auth-oauth-app": {
      "version": "5.0.1",
      "resolved": "https://registry.npmjs.org/@octokit/auth-oauth-app/-/auth-oauth-app-5.0.1.tgz",
      "integrity": "sha512-SGQKQGWe60kucMLCzbwc4MIohB78YawbYgGegosapDg2GxwuEVCujJccArzgn3wO+pB4aflUjFWPjkECVR2fEQ==",
      "requires": {
        "@octokit/auth-oauth-device": "^4.0.0",
        "@octokit/auth-oauth-user": "^2.0.0",
        "@octokit/request": "^5.6.3",
        "@octokit/types": "^6.0.3",
        "@types/btoa-lite": "^1.0.0",
        "btoa-lite": "^1.0.0",
        "universal-user-agent": "^6.0.0"
      },
      "dependencies": {
        "@octokit/openapi-types": {
          "version": "12.8.0",
          "resolved": "https://registry.npmjs.org/@octokit/openapi-types/-/openapi-types-12.8.0.tgz",
          "integrity": "sha512-ydcKLs2KKcxlhpdWLzJxEBDEk/U5MUeqtqkXlrtAUXXFPs6vLl1PEGghFC/BbpleosB7iXs0Z4P2DGe7ZT5ZNg=="
        },
        "@octokit/request": {
          "version": "5.6.3",
          "resolved": "https://registry.npmjs.org/@octokit/request/-/request-5.6.3.tgz",
          "integrity": "sha512-bFJl0I1KVc9jYTe9tdGGpAMPy32dLBXXo1dS/YwSCTL/2nd9XeHsY616RE3HPXDVk+a+dBuzyz5YdlXwcDTr2A==",
          "requires": {
            "@octokit/endpoint": "^6.0.1",
            "@octokit/request-error": "^2.1.0",
            "@octokit/types": "^6.16.1",
            "is-plain-object": "^5.0.0",
            "node-fetch": "^2.6.7",
            "universal-user-agent": "^6.0.0"
          },
          "dependencies": {
            "@octokit/types": {
              "version": "6.39.0",
              "resolved": "https://registry.npmjs.org/@octokit/types/-/types-6.39.0.tgz",
              "integrity": "sha512-Mq4N9sOAYCitTsBtDdRVrBE80lIrMBhL9Jbrw0d+j96BAzlq4V+GLHFJbHokEsVvO/9tQupQdoFdgVYhD2C8UQ==",
              "requires": {
                "@octokit/openapi-types": "^12.7.0"
              }
            }
          }
        },
        "@octokit/request-error": {
          "version": "2.1.0",
          "resolved": "https://registry.npmjs.org/@octokit/request-error/-/request-error-2.1.0.tgz",
          "integrity": "sha512-1VIvgXxs9WHSjicsRwq8PlR2LR2x6DwsJAaFgzdi0JfJoGSO8mYI/cHJQ+9FbN21aa+DrgNLnwObmyeSC8Rmpg==",
          "requires": {
            "@octokit/types": "^6.0.3",
            "deprecation": "^2.0.0",
            "once": "^1.4.0"
          }
        },
        "node-fetch": {
          "version": "2.6.7",
          "resolved": "https://registry.npmjs.org/node-fetch/-/node-fetch-2.6.7.tgz",
          "integrity": "sha512-ZjMPFEfVx5j+y2yF35Kzx5sF7kDzxuDj6ziH4FFbOp87zKDZNx8yExJIb05OGF4Nlt9IHFIMBkRl41VdvcNdbQ==",
          "requires": {
            "whatwg-url": "^5.0.0"
          }
        }
      }
    },
    "@octokit/auth-oauth-device": {
      "version": "4.0.0",
      "resolved": "https://registry.npmjs.org/@octokit/auth-oauth-device/-/auth-oauth-device-4.0.0.tgz",
      "integrity": "sha512-2bXBuF5DOnYD19wDafZNrnrNvLg7xNvDNAf3ELHlO/7/7x3BBhKna4dCvpJ4pfI6OYMja08Tt0D4XJ4sxK+YBA==",
      "requires": {
        "@octokit/oauth-methods": "^2.0.0",
        "@octokit/request": "^6.0.0",
        "@octokit/types": "^6.10.0",
        "universal-user-agent": "^6.0.0"
      },
      "dependencies": {
        "@octokit/endpoint": {
          "version": "7.0.0",
          "resolved": "https://registry.npmjs.org/@octokit/endpoint/-/endpoint-7.0.0.tgz",
          "integrity": "sha512-Kz/mIkOTjs9rV50hf/JK9pIDl4aGwAtT8pry6Rpy+hVXkAPhXanNQRxMoq6AeRgDCZR6t/A1zKniY2V1YhrzlQ==",
          "requires": {
            "@octokit/types": "^6.0.3",
            "is-plain-object": "^5.0.0",
            "universal-user-agent": "^6.0.0"
          }
        },
        "@octokit/openapi-types": {
          "version": "12.8.0",
          "resolved": "https://registry.npmjs.org/@octokit/openapi-types/-/openapi-types-12.8.0.tgz",
          "integrity": "sha512-ydcKLs2KKcxlhpdWLzJxEBDEk/U5MUeqtqkXlrtAUXXFPs6vLl1PEGghFC/BbpleosB7iXs0Z4P2DGe7ZT5ZNg=="
        },
        "@octokit/request": {
          "version": "6.0.2",
          "resolved": "https://registry.npmjs.org/@octokit/request/-/request-6.0.2.tgz",
          "integrity": "sha512-WPMcm8nUET2v6P5AbTIhNzEorMLFPbFnzfP/VMAaRFwNzaqHmVvS+YLvqtWyKq0vnZ6a9ImQuCHNb3L4oNovRw==",
          "requires": {
            "@octokit/endpoint": "^7.0.0",
            "@octokit/request-error": "^3.0.0",
            "@octokit/types": "^6.16.1",
            "is-plain-object": "^5.0.0",
            "node-fetch": "^2.6.7",
            "universal-user-agent": "^6.0.0"
          }
        },
        "@octokit/request-error": {
          "version": "3.0.0",
          "resolved": "https://registry.npmjs.org/@octokit/request-error/-/request-error-3.0.0.tgz",
          "integrity": "sha512-WBtpzm9lR8z4IHIMtOqr6XwfkGvMOOILNLxsWvDwtzm/n7f5AWuqJTXQXdDtOvPfTDrH4TPhEvW2qMlR4JFA2w==",
          "requires": {
            "@octokit/types": "^6.0.3",
            "deprecation": "^2.0.0",
            "once": "^1.4.0"
          }
        },
        "@octokit/types": {
          "version": "6.39.0",
          "resolved": "https://registry.npmjs.org/@octokit/types/-/types-6.39.0.tgz",
          "integrity": "sha512-Mq4N9sOAYCitTsBtDdRVrBE80lIrMBhL9Jbrw0d+j96BAzlq4V+GLHFJbHokEsVvO/9tQupQdoFdgVYhD2C8UQ==",
          "requires": {
            "@octokit/openapi-types": "^12.7.0"
          }
        },
        "node-fetch": {
          "version": "2.6.7",
          "resolved": "https://registry.npmjs.org/node-fetch/-/node-fetch-2.6.7.tgz",
          "integrity": "sha512-ZjMPFEfVx5j+y2yF35Kzx5sF7kDzxuDj6ziH4FFbOp87zKDZNx8yExJIb05OGF4Nlt9IHFIMBkRl41VdvcNdbQ==",
          "requires": {
            "whatwg-url": "^5.0.0"
          }
        }
      }
    },
    "@octokit/auth-oauth-user": {
      "version": "2.0.1",
      "resolved": "https://registry.npmjs.org/@octokit/auth-oauth-user/-/auth-oauth-user-2.0.1.tgz",
      "integrity": "sha512-WdwLcKL644dY0iH1b9OoipzhKK62Pr0ok4Ok+JSLqMwbkUwgYhWyNn9/pGgyYzjQI+An9cZ7Io8CqANrTaTvAw==",
      "requires": {
        "@octokit/auth-oauth-device": "^4.0.0",
        "@octokit/oauth-methods": "^1.1.0",
        "@octokit/request": "^6.0.0",
        "@octokit/types": "^6.12.2",
        "btoa-lite": "^1.0.0",
        "universal-user-agent": "^6.0.0"
      },
      "dependencies": {
        "@octokit/oauth-authorization-url": {
          "version": "4.3.3",
          "resolved": "https://registry.npmjs.org/@octokit/oauth-authorization-url/-/oauth-authorization-url-4.3.3.tgz",
          "integrity": "sha512-lhP/t0i8EwTmayHG4dqLXgU+uPVys4WD/qUNvC+HfB1S1dyqULm5Yx9uKc1x79aP66U1Cb4OZeW8QU/RA9A4XA=="
        },
        "@octokit/oauth-methods": {
          "version": "1.2.6",
          "resolved": "https://registry.npmjs.org/@octokit/oauth-methods/-/oauth-methods-1.2.6.tgz",
          "integrity": "sha512-nImHQoOtKnSNn05uk2o76om1tJWiAo4lOu2xMAHYsNr0fwopP+Dv+2MlGvaMMlFjoqVd3fF3X5ZDTKCsqgmUaQ==",
          "requires": {
            "@octokit/oauth-authorization-url": "^4.3.1",
            "@octokit/request": "^5.4.14",
            "@octokit/request-error": "^2.0.5",
            "@octokit/types": "^6.12.2",
            "btoa-lite": "^1.0.0"
          },
          "dependencies": {
            "@octokit/request": {
              "version": "5.6.3",
              "resolved": "https://registry.npmjs.org/@octokit/request/-/request-5.6.3.tgz",
              "integrity": "sha512-bFJl0I1KVc9jYTe9tdGGpAMPy32dLBXXo1dS/YwSCTL/2nd9XeHsY616RE3HPXDVk+a+dBuzyz5YdlXwcDTr2A==",
              "requires": {
                "@octokit/endpoint": "^6.0.1",
                "@octokit/request-error": "^2.1.0",
                "@octokit/types": "^6.16.1",
                "is-plain-object": "^5.0.0",
                "node-fetch": "^2.6.7",
                "universal-user-agent": "^6.0.0"
              }
            }
          }
        },
        "@octokit/openapi-types": {
          "version": "12.8.0",
          "resolved": "https://registry.npmjs.org/@octokit/openapi-types/-/openapi-types-12.8.0.tgz",
          "integrity": "sha512-ydcKLs2KKcxlhpdWLzJxEBDEk/U5MUeqtqkXlrtAUXXFPs6vLl1PEGghFC/BbpleosB7iXs0Z4P2DGe7ZT5ZNg=="
        },
        "@octokit/request": {
          "version": "6.0.2",
          "resolved": "https://registry.npmjs.org/@octokit/request/-/request-6.0.2.tgz",
          "integrity": "sha512-WPMcm8nUET2v6P5AbTIhNzEorMLFPbFnzfP/VMAaRFwNzaqHmVvS+YLvqtWyKq0vnZ6a9ImQuCHNb3L4oNovRw==",
          "requires": {
            "@octokit/endpoint": "^7.0.0",
            "@octokit/request-error": "^3.0.0",
            "@octokit/types": "^6.16.1",
            "is-plain-object": "^5.0.0",
            "node-fetch": "^2.6.7",
            "universal-user-agent": "^6.0.0"
          },
          "dependencies": {
            "@octokit/endpoint": {
              "version": "7.0.0",
              "resolved": "https://registry.npmjs.org/@octokit/endpoint/-/endpoint-7.0.0.tgz",
              "integrity": "sha512-Kz/mIkOTjs9rV50hf/JK9pIDl4aGwAtT8pry6Rpy+hVXkAPhXanNQRxMoq6AeRgDCZR6t/A1zKniY2V1YhrzlQ==",
              "requires": {
                "@octokit/types": "^6.0.3",
                "is-plain-object": "^5.0.0",
                "universal-user-agent": "^6.0.0"
              }
            },
            "@octokit/request-error": {
              "version": "3.0.0",
              "resolved": "https://registry.npmjs.org/@octokit/request-error/-/request-error-3.0.0.tgz",
              "integrity": "sha512-WBtpzm9lR8z4IHIMtOqr6XwfkGvMOOILNLxsWvDwtzm/n7f5AWuqJTXQXdDtOvPfTDrH4TPhEvW2qMlR4JFA2w==",
              "requires": {
                "@octokit/types": "^6.0.3",
                "deprecation": "^2.0.0",
                "once": "^1.4.0"
              }
            }
          }
        },
        "@octokit/request-error": {
          "version": "2.1.0",
          "resolved": "https://registry.npmjs.org/@octokit/request-error/-/request-error-2.1.0.tgz",
          "integrity": "sha512-1VIvgXxs9WHSjicsRwq8PlR2LR2x6DwsJAaFgzdi0JfJoGSO8mYI/cHJQ+9FbN21aa+DrgNLnwObmyeSC8Rmpg==",
          "requires": {
            "@octokit/types": "^6.0.3",
            "deprecation": "^2.0.0",
            "once": "^1.4.0"
          }
        },
        "@octokit/types": {
          "version": "6.39.0",
          "resolved": "https://registry.npmjs.org/@octokit/types/-/types-6.39.0.tgz",
          "integrity": "sha512-Mq4N9sOAYCitTsBtDdRVrBE80lIrMBhL9Jbrw0d+j96BAzlq4V+GLHFJbHokEsVvO/9tQupQdoFdgVYhD2C8UQ==",
          "requires": {
            "@octokit/openapi-types": "^12.7.0"
          }
        },
        "node-fetch": {
          "version": "2.6.7",
          "resolved": "https://registry.npmjs.org/node-fetch/-/node-fetch-2.6.7.tgz",
          "integrity": "sha512-ZjMPFEfVx5j+y2yF35Kzx5sF7kDzxuDj6ziH4FFbOp87zKDZNx8yExJIb05OGF4Nlt9IHFIMBkRl41VdvcNdbQ==",
          "requires": {
            "whatwg-url": "^5.0.0"
          }
        }
      }
    },
    "@octokit/auth-token": {
      "version": "2.4.4",
      "resolved": "https://registry.npmjs.org/@octokit/auth-token/-/auth-token-2.4.4.tgz",
      "integrity": "sha512-LNfGu3Ro9uFAYh10MUZVaT7X2CnNm2C8IDQmabx+3DygYIQjs9FwzFAHN/0t6mu5HEPhxcb1XOuxdpY82vCg2Q==",
      "requires": {
        "@octokit/types": "^6.0.0"
      }
    },
    "@octokit/core": {
      "version": "3.2.4",
      "resolved": "https://registry.npmjs.org/@octokit/core/-/core-3.2.4.tgz",
      "integrity": "sha512-d9dTsqdePBqOn7aGkyRFe7pQpCXdibSJ5SFnrTr0axevObZrpz3qkWm7t/NjYv5a66z6vhfteriaq4FRz3e0Qg==",
      "requires": {
        "@octokit/auth-token": "^2.4.4",
        "@octokit/graphql": "^4.5.8",
        "@octokit/request": "^5.4.12",
        "@octokit/types": "^6.0.3",
        "before-after-hook": "^2.1.0",
        "universal-user-agent": "^6.0.0"
      }
    },
    "@octokit/endpoint": {
      "version": "6.0.10",
      "resolved": "https://registry.npmjs.org/@octokit/endpoint/-/endpoint-6.0.10.tgz",
      "integrity": "sha512-9+Xef8nT7OKZglfkOMm7IL6VwxXUQyR7DUSU0LH/F7VNqs8vyd7es5pTfz9E7DwUIx7R3pGscxu1EBhYljyu7Q==",
      "requires": {
        "@octokit/types": "^6.0.0",
        "is-plain-object": "^5.0.0",
        "universal-user-agent": "^6.0.0"
      }
    },
    "@octokit/graphql": {
      "version": "4.5.8",
      "resolved": "https://registry.npmjs.org/@octokit/graphql/-/graphql-4.5.8.tgz",
      "integrity": "sha512-WnCtNXWOrupfPJgXe+vSmprZJUr0VIu14G58PMlkWGj3cH+KLZEfKMmbUQ6C3Wwx6fdhzVW1CD5RTnBdUHxhhA==",
      "requires": {
        "@octokit/request": "^5.3.0",
        "@octokit/types": "^6.0.0",
        "universal-user-agent": "^6.0.0"
      }
    },
    "@octokit/oauth-authorization-url": {
      "version": "5.0.0",
      "resolved": "https://registry.npmjs.org/@octokit/oauth-authorization-url/-/oauth-authorization-url-5.0.0.tgz",
      "integrity": "sha512-y1WhN+ERDZTh0qZ4SR+zotgsQUE1ysKnvBt1hvDRB2WRzYtVKQjn97HEPzoehh66Fj9LwNdlZh+p6TJatT0zzg=="
    },
    "@octokit/oauth-methods": {
      "version": "2.0.2",
      "resolved": "https://registry.npmjs.org/@octokit/oauth-methods/-/oauth-methods-2.0.2.tgz",
      "integrity": "sha512-AHF5bWGhgnZwH8fn4sgPLyVouRqMOafMSM2zX1de+aLZGZaS9rANK9RXH2d5fGvXjGEw3XR+ruNPZ0gwhM4QwA==",
      "requires": {
        "@octokit/oauth-authorization-url": "^5.0.0",
        "@octokit/request": "^6.0.0",
        "@octokit/request-error": "^3.0.0",
        "@octokit/types": "^6.12.2",
        "btoa-lite": "^1.0.0"
      },
      "dependencies": {
        "@octokit/endpoint": {
          "version": "7.0.0",
          "resolved": "https://registry.npmjs.org/@octokit/endpoint/-/endpoint-7.0.0.tgz",
          "integrity": "sha512-Kz/mIkOTjs9rV50hf/JK9pIDl4aGwAtT8pry6Rpy+hVXkAPhXanNQRxMoq6AeRgDCZR6t/A1zKniY2V1YhrzlQ==",
          "requires": {
            "@octokit/types": "^6.0.3",
            "is-plain-object": "^5.0.0",
            "universal-user-agent": "^6.0.0"
          }
        },
        "@octokit/openapi-types": {
          "version": "12.8.0",
          "resolved": "https://registry.npmjs.org/@octokit/openapi-types/-/openapi-types-12.8.0.tgz",
          "integrity": "sha512-ydcKLs2KKcxlhpdWLzJxEBDEk/U5MUeqtqkXlrtAUXXFPs6vLl1PEGghFC/BbpleosB7iXs0Z4P2DGe7ZT5ZNg=="
        },
        "@octokit/request": {
          "version": "6.0.2",
          "resolved": "https://registry.npmjs.org/@octokit/request/-/request-6.0.2.tgz",
          "integrity": "sha512-WPMcm8nUET2v6P5AbTIhNzEorMLFPbFnzfP/VMAaRFwNzaqHmVvS+YLvqtWyKq0vnZ6a9ImQuCHNb3L4oNovRw==",
          "requires": {
            "@octokit/endpoint": "^7.0.0",
            "@octokit/request-error": "^3.0.0",
            "@octokit/types": "^6.16.1",
            "is-plain-object": "^5.0.0",
            "node-fetch": "^2.6.7",
            "universal-user-agent": "^6.0.0"
          }
        },
        "@octokit/request-error": {
          "version": "3.0.0",
          "resolved": "https://registry.npmjs.org/@octokit/request-error/-/request-error-3.0.0.tgz",
          "integrity": "sha512-WBtpzm9lR8z4IHIMtOqr6XwfkGvMOOILNLxsWvDwtzm/n7f5AWuqJTXQXdDtOvPfTDrH4TPhEvW2qMlR4JFA2w==",
          "requires": {
            "@octokit/types": "^6.0.3",
            "deprecation": "^2.0.0",
            "once": "^1.4.0"
          }
        },
        "@octokit/types": {
          "version": "6.39.0",
          "resolved": "https://registry.npmjs.org/@octokit/types/-/types-6.39.0.tgz",
          "integrity": "sha512-Mq4N9sOAYCitTsBtDdRVrBE80lIrMBhL9Jbrw0d+j96BAzlq4V+GLHFJbHokEsVvO/9tQupQdoFdgVYhD2C8UQ==",
          "requires": {
            "@octokit/openapi-types": "^12.7.0"
          }
        },
        "node-fetch": {
          "version": "2.6.7",
          "resolved": "https://registry.npmjs.org/node-fetch/-/node-fetch-2.6.7.tgz",
          "integrity": "sha512-ZjMPFEfVx5j+y2yF35Kzx5sF7kDzxuDj6ziH4FFbOp87zKDZNx8yExJIb05OGF4Nlt9IHFIMBkRl41VdvcNdbQ==",
          "requires": {
            "whatwg-url": "^5.0.0"
          }
        }
      }
    },
    "@octokit/openapi-types": {
      "version": "2.0.1",
      "resolved": "https://registry.npmjs.org/@octokit/openapi-types/-/openapi-types-2.0.1.tgz",
      "integrity": "sha512-9AuC04PUnZrjoLiw3uPtwGh9FE4Q3rTqs51oNlQ0rkwgE8ftYsOC+lsrQyvCvWm85smBbSc0FNRKKumvGyb44Q=="
    },
    "@octokit/plugin-paginate-rest": {
      "version": "2.6.2",
      "resolved": "https://registry.npmjs.org/@octokit/plugin-paginate-rest/-/plugin-paginate-rest-2.6.2.tgz",
      "integrity": "sha512-3Dy7/YZAwdOaRpGQoNHPeT0VU1fYLpIUdPyvR37IyFLgd6XSij4j9V/xN/+eSjF2KKvmfIulEh9LF1tRPjIiDA==",
      "requires": {
        "@octokit/types": "^6.0.1"
      }
    },
    "@octokit/plugin-request-log": {
      "version": "1.0.2",
      "resolved": "https://registry.npmjs.org/@octokit/plugin-request-log/-/plugin-request-log-1.0.2.tgz",
      "integrity": "sha512-oTJSNAmBqyDR41uSMunLQKMX0jmEXbwD1fpz8FG27lScV3RhtGfBa1/BBLym+PxcC16IBlF7KH9vP1BUYxA+Eg=="
    },
    "@octokit/plugin-rest-endpoint-methods": {
      "version": "4.4.1",
      "resolved": "https://registry.npmjs.org/@octokit/plugin-rest-endpoint-methods/-/plugin-rest-endpoint-methods-4.4.1.tgz",
      "integrity": "sha512-+v5PcvrUcDeFXf8hv1gnNvNLdm4C0+2EiuWt9EatjjUmfriM1pTMM+r4j1lLHxeBQ9bVDmbywb11e3KjuavieA==",
      "requires": {
        "@octokit/types": "^6.1.0",
        "deprecation": "^2.3.1"
      }
    },
    "@octokit/request": {
      "version": "5.4.12",
      "resolved": "https://registry.npmjs.org/@octokit/request/-/request-5.4.12.tgz",
      "integrity": "sha512-MvWYdxengUWTGFpfpefBBpVmmEYfkwMoxonIB3sUGp5rhdgwjXL1ejo6JbgzG/QD9B/NYt/9cJX1pxXeSIUCkg==",
      "requires": {
        "@octokit/endpoint": "^6.0.1",
        "@octokit/request-error": "^2.0.0",
        "@octokit/types": "^6.0.3",
        "deprecation": "^2.0.0",
        "is-plain-object": "^5.0.0",
        "node-fetch": "^2.6.1",
        "once": "^1.4.0",
        "universal-user-agent": "^6.0.0"
      }
    },
    "@octokit/request-error": {
      "version": "2.0.4",
      "resolved": "https://registry.npmjs.org/@octokit/request-error/-/request-error-2.0.4.tgz",
      "integrity": "sha512-LjkSiTbsxIErBiRh5wSZvpZqT4t0/c9+4dOe0PII+6jXR+oj/h66s7E4a/MghV7iT8W9ffoQ5Skoxzs96+gBPA==",
      "requires": {
        "@octokit/types": "^6.0.0",
        "deprecation": "^2.0.0",
        "once": "^1.4.0"
      }
    },
    "@octokit/rest": {
      "version": "18.0.12",
      "resolved": "https://registry.npmjs.org/@octokit/rest/-/rest-18.0.12.tgz",
      "integrity": "sha512-hNRCZfKPpeaIjOVuNJzkEL6zacfZlBPV8vw8ReNeyUkVvbuCvvrrx8K8Gw2eyHHsmd4dPlAxIXIZ9oHhJfkJpw==",
      "requires": {
        "@octokit/core": "^3.2.3",
        "@octokit/plugin-paginate-rest": "^2.6.2",
        "@octokit/plugin-request-log": "^1.0.2",
        "@octokit/plugin-rest-endpoint-methods": "4.4.1"
      }
    },
    "@octokit/types": {
      "version": "6.1.2",
      "resolved": "https://registry.npmjs.org/@octokit/types/-/types-6.1.2.tgz",
      "integrity": "sha512-LPCpcLbcky7fWfHCTuc7tMiSHFpFlrThJqVdaHgowBTMS0ijlZFfonQC/C1PrZOjD4xRCYgBqH9yttEATGE/nw==",
      "requires": {
        "@octokit/openapi-types": "^2.0.1",
        "@types/node": ">= 8"
      }
    },
    "@types/btoa-lite": {
      "version": "1.0.0",
      "resolved": "https://registry.npmjs.org/@types/btoa-lite/-/btoa-lite-1.0.0.tgz",
      "integrity": "sha512-wJsiX1tosQ+J5+bY5LrSahHxr2wT+uME5UDwdN1kg4frt40euqA+wzECkmq4t5QbveHiJepfdThgQrPw6KiSlg=="
    },
    "@types/jsonwebtoken": {
      "version": "8.5.8",
      "resolved": "https://registry.npmjs.org/@types/jsonwebtoken/-/jsonwebtoken-8.5.8.tgz",
      "integrity": "sha512-zm6xBQpFDIDM6o9r6HSgDeIcLy82TKWctCXEPbJJcXb5AKmi5BNNdLXneixK4lplX3PqIVcwLBCGE/kAGnlD4A==",
      "requires": {
        "@types/node": "*"
      }
    },
    "@types/lru-cache": {
      "version": "5.1.1",
      "resolved": "https://registry.npmjs.org/@types/lru-cache/-/lru-cache-5.1.1.tgz",
      "integrity": "sha512-ssE3Vlrys7sdIzs5LOxCzTVMsU7i9oa/IaW92wF32JFb3CVczqOkru2xspuKczHEbG3nvmPY7IFqVmGGHdNbYw=="
    },
    "@types/node": {
      "version": "14.14.16",
      "resolved": "https://registry.npmjs.org/@types/node/-/node-14.14.16.tgz",
      "integrity": "sha512-naXYePhweTi+BMv11TgioE2/FXU4fSl29HAH1ffxVciNsH3rYXjNP2yM8wqmSm7jS20gM8TIklKiTen+1iVncw=="
    },
    "@vercel/ncc": {
      "version": "0.31.1",
      "resolved": "https://registry.npmjs.org/@vercel/ncc/-/ncc-0.31.1.tgz",
      "integrity": "sha512-g0FAxwdViI6UzsiVz5HssIHqjcPa1EHL6h+2dcJD893SoCJaGdqqgUF09xnMW6goWnnhbLvgiKlgJWrJa+7qYA==",
      "dev": true
    },
    "before-after-hook": {
      "version": "2.1.0",
      "resolved": "https://registry.npmjs.org/before-after-hook/-/before-after-hook-2.1.0.tgz",
      "integrity": "sha512-IWIbu7pMqyw3EAJHzzHbWa85b6oud/yfKYg5rqB5hNE8CeMi3nX+2C2sj0HswfblST86hpVEOAb9x34NZd6P7A=="
    },
    "btoa-lite": {
      "version": "1.0.0",
      "resolved": "https://registry.npmjs.org/btoa-lite/-/btoa-lite-1.0.0.tgz",
      "integrity": "sha512-gvW7InbIyF8AicrqWoptdW08pUxuhq8BEgowNajy9RhiE86fmGAGl+bLKo6oB8QP0CkqHLowfN0oJdKC/J6LbA=="
    },
    "buffer-equal-constant-time": {
      "version": "1.0.1",
      "resolved": "https://registry.npmjs.org/buffer-equal-constant-time/-/buffer-equal-constant-time-1.0.1.tgz",
      "integrity": "sha512-zRpUiDwd/xk6ADqPMATG8vc9VPrkck7T07OIx0gnjmJAnHnTVXNQG3vfvWNuiZIkwu9KrKdA1iJKfsfTVxE6NA=="
    },
    "deprecation": {
      "version": "2.3.1",
      "resolved": "https://registry.npmjs.org/deprecation/-/deprecation-2.3.1.tgz",
      "integrity": "sha512-xmHIy4F3scKVwMsQ4WnVaS8bHOx0DmVwRywosKhaILI0ywMDWPtBSku2HNxRvF7jtwDRsoEwYQSfbxj8b7RlJQ=="
    },
    "ecdsa-sig-formatter": {
      "version": "1.0.11",
      "resolved": "https://registry.npmjs.org/ecdsa-sig-formatter/-/ecdsa-sig-formatter-1.0.11.tgz",
      "integrity": "sha512-nagl3RYrbNv6kQkeJIpt6NJZy8twLB/2vtz6yN9Z4vRKHN4/QZJIEbqohALSgwKdnksuY3k5Addp5lg8sVoVcQ==",
      "requires": {
        "safe-buffer": "^5.0.1"
      }
    },
    "is-plain-object": {
      "version": "5.0.0",
      "resolved": "https://registry.npmjs.org/is-plain-object/-/is-plain-object-5.0.0.tgz",
      "integrity": "sha512-VRSzKkbMm5jMDoKLbltAkFQ5Qr7VDiTFGXxYFXXowVj387GeGNOCsOH6Msy00SGZ3Fp84b1Naa1psqgcCIEP5Q=="
    },
    "jsonwebtoken": {
      "version": "8.5.1",
      "resolved": "https://registry.npmjs.org/jsonwebtoken/-/jsonwebtoken-8.5.1.tgz",
      "integrity": "sha512-XjwVfRS6jTMsqYs0EsuJ4LGxXV14zQybNd4L2r0UvbVnSF9Af8x7p5MzbJ90Ioz/9TI41/hTCvznF/loiSzn8w==",
      "requires": {
        "jws": "^3.2.2",
        "lodash.includes": "^4.3.0",
        "lodash.isboolean": "^3.0.3",
        "lodash.isinteger": "^4.0.4",
        "lodash.isnumber": "^3.0.3",
        "lodash.isplainobject": "^4.0.6",
        "lodash.isstring": "^4.0.1",
        "lodash.once": "^4.0.0",
        "ms": "^2.1.1",
        "semver": "^5.6.0"
      }
    },
    "jwa": {
      "version": "1.4.1",
      "resolved": "https://registry.npmjs.org/jwa/-/jwa-1.4.1.tgz",
      "integrity": "sha512-qiLX/xhEEFKUAJ6FiBMbes3w9ATzyk5W7Hvzpa/SLYdxNtng+gcurvrI7TbACjIXlsJyr05/S1oUhZrc63evQA==",
      "requires": {
        "buffer-equal-constant-time": "1.0.1",
        "ecdsa-sig-formatter": "1.0.11",
        "safe-buffer": "^5.0.1"
      }
    },
    "jws": {
      "version": "3.2.2",
      "resolved": "https://registry.npmjs.org/jws/-/jws-3.2.2.tgz",
      "integrity": "sha512-YHlZCB6lMTllWDtSPHz/ZXTsi8S00usEV6v1tjq8tOUZzw7DpSDWVXjXDre6ed1w/pd495ODpHZYSdkRTsa0HA==",
      "requires": {
        "jwa": "^1.4.1",
        "safe-buffer": "^5.0.1"
      }
    },
    "lodash.includes": {
      "version": "4.3.0",
      "resolved": "https://registry.npmjs.org/lodash.includes/-/lodash.includes-4.3.0.tgz",
      "integrity": "sha512-W3Bx6mdkRTGtlJISOvVD/lbqjTlPPUDTMnlXZFnVwi9NKJ6tiAk6LVdlhZMm17VZisqhKcgzpO5Wz91PCt5b0w=="
    },
    "lodash.isboolean": {
      "version": "3.0.3",
      "resolved": "https://registry.npmjs.org/lodash.isboolean/-/lodash.isboolean-3.0.3.tgz",
      "integrity": "sha512-Bz5mupy2SVbPHURB98VAcw+aHh4vRV5IPNhILUCsOzRmsTmSQ17jIuqopAentWoehktxGd9e/hbIXq980/1QJg=="
    },
    "lodash.isinteger": {
      "version": "4.0.4",
      "resolved": "https://registry.npmjs.org/lodash.isinteger/-/lodash.isinteger-4.0.4.tgz",
      "integrity": "sha512-DBwtEWN2caHQ9/imiNeEA5ys1JoRtRfY3d7V9wkqtbycnAmTvRRmbHKDV4a0EYc678/dia0jrte4tjYwVBaZUA=="
    },
    "lodash.isnumber": {
      "version": "3.0.3",
      "resolved": "https://registry.npmjs.org/lodash.isnumber/-/lodash.isnumber-3.0.3.tgz",
      "integrity": "sha512-QYqzpfwO3/CWf3XP+Z+tkQsfaLL/EnUlXWVkIk5FUPc4sBdTehEqZONuyRt2P67PXAk+NXmTBcc97zw9t1FQrw=="
    },
    "lodash.isplainobject": {
      "version": "4.0.6",
      "resolved": "https://registry.npmjs.org/lodash.isplainobject/-/lodash.isplainobject-4.0.6.tgz",
      "integrity": "sha512-oSXzaWypCMHkPC3NvBEaPHf0KsA5mvPrOPgQWDsbg8n7orZ290M0BmC/jgRZ4vcJ6DTAhjrsSYgdsW/F+MFOBA=="
    },
    "lodash.isstring": {
      "version": "4.0.1",
      "resolved": "https://registry.npmjs.org/lodash.isstring/-/lodash.isstring-4.0.1.tgz",
      "integrity": "sha512-0wJxfxH1wgO3GrbuP+dTTk7op+6L41QCXbGINEmD+ny/G/eCqGzxyCsh7159S+mgDDcoarnBw6PC1PS5+wUGgw=="
    },
    "lodash.once": {
      "version": "4.1.1",
      "resolved": "https://registry.npmjs.org/lodash.once/-/lodash.once-4.1.1.tgz",
      "integrity": "sha512-Sb487aTOCr9drQVL8pIxOzVhafOjZN9UU54hiN8PU3uAiSV7lx1yYNpbNmex2PK6dSJoNTSJUUswT651yww3Mg=="
    },
    "lru-cache": {
      "version": "6.0.0",
      "resolved": "https://registry.npmjs.org/lru-cache/-/lru-cache-6.0.0.tgz",
      "integrity": "sha512-Jo6dJ04CmSjuznwJSS3pUeWmd/H0ffTlkXXgwZi+eq1UCmqQwCh+eLsYOYCwY991i2Fah4h1BEMCx4qThGbsiA==",
      "requires": {
        "yallist": "^4.0.0"
      }
    },
    "ms": {
      "version": "2.1.3",
      "resolved": "https://registry.npmjs.org/ms/-/ms-2.1.3.tgz",
      "integrity": "sha512-6FlzubTLZG3J2a/NVCAleEhjzq5oxgHyaCU9yYXvcLsvoVaHJq/s5xXI6/XXP6tz7R9xAOtHnSO/tXtF3WRTlA=="
    },
    "node-fetch": {
      "version": "2.6.1",
      "resolved": "https://registry.npmjs.org/node-fetch/-/node-fetch-2.6.1.tgz",
      "integrity": "sha512-V4aYg89jEoVRxRb2fJdAg8FHvI7cEyYdVAh94HH0UIK8oJxUfkjlDQN9RbMx+bEjP7+ggMiFRprSti032Oipxw=="
    },
    "once": {
      "version": "1.4.0",
      "resolved": "https://registry.npmjs.org/once/-/once-1.4.0.tgz",
      "integrity": "sha1-WDsap3WWHUsROsF9nFC6753Xa9E=",
      "requires": {
        "wrappy": "1"
      }
    },
    "safe-buffer": {
      "version": "5.2.1",
      "resolved": "https://registry.npmjs.org/safe-buffer/-/safe-buffer-5.2.1.tgz",
      "integrity": "sha512-rp3So07KcdmmKbGvgaNxQSJr7bGVSVk5S9Eq1F+ppbRo70+YeaDxkw5Dd8NPN+GD6bjnYm2VuPuCXmpuYvmCXQ=="
    },
    "semver": {
      "version": "5.7.1",
      "resolved": "https://registry.npmjs.org/semver/-/semver-5.7.1.tgz",
      "integrity": "sha512-sauaDf/PZdVgrLTNYHRtpXa1iRiKcaebiKQ1BJdpQlWH2lCvexQdX55snPFyK7QzpudqbCI0qXFfOasHdyNDGQ=="
    },
    "tr46": {
      "version": "0.0.3",
      "resolved": "https://registry.npmjs.org/tr46/-/tr46-0.0.3.tgz",
      "integrity": "sha512-N3WMsuqV66lT30CrXNbEjx4GEwlow3v6rr4mCcv6prnfwhS01rkgyFdjPNBYd9br7LpXV1+Emh01fHnq2Gdgrw=="
    },
    "tunnel": {
      "version": "0.0.6",
      "resolved": "https://registry.npmjs.org/tunnel/-/tunnel-0.0.6.tgz",
      "integrity": "sha512-1h/Lnq9yajKY2PEbBadPXj3VxsDDu844OnaAo52UVmIzIvwwtBPIuNvkjuzBlTWpfJyUbG3ez0KSBibQkj4ojg=="
    },
    "universal-github-app-jwt": {
      "version": "1.1.0",
      "resolved": "https://registry.npmjs.org/universal-github-app-jwt/-/universal-github-app-jwt-1.1.0.tgz",
      "integrity": "sha512-3b+ocAjjz4JTyqaOT+NNBd5BtTuvJTxWElIoeHSVelUV9J3Jp7avmQTdLKCaoqi/5Ox2o/q+VK19TJ233rVXVQ==",
      "requires": {
        "@types/jsonwebtoken": "^8.3.3",
        "jsonwebtoken": "^8.5.1"
      }
    },
    "universal-user-agent": {
      "version": "6.0.0",
      "resolved": "https://registry.npmjs.org/universal-user-agent/-/universal-user-agent-6.0.0.tgz",
      "integrity": "sha512-isyNax3wXoKaulPDZWHQqbmIx1k2tb9fb3GGDBRxCscfYV2Ch7WxPArBsFEG8s/safwXTT7H4QGhaIkTp9447w=="
    },
    "webidl-conversions": {
      "version": "3.0.1",
      "resolved": "https://registry.npmjs.org/webidl-conversions/-/webidl-conversions-3.0.1.tgz",
      "integrity": "sha512-2JAn3z8AR6rjK8Sm8orRC0h/bcl/DqL7tRPdGZ4I1CjdF+EaMLmYxBHyXuKL849eucPFhvBoxMsflfOb8kxaeQ=="
    },
    "whatwg-url": {
      "version": "5.0.0",
      "resolved": "https://registry.npmjs.org/whatwg-url/-/whatwg-url-5.0.0.tgz",
      "integrity": "sha512-saE57nupxk6v3HY35+jzBwYa0rKSy0XR8JSxZPwgLr7ys0IBzhGviA1/TUGJLmSVqs8pb9AnvICXEuOHLprYTw==",
      "requires": {
        "tr46": "~0.0.3",
        "webidl-conversions": "^3.0.0"
      }
    },
    "wrappy": {
      "version": "1.0.2",
      "resolved": "https://registry.npmjs.org/wrappy/-/wrappy-1.0.2.tgz",
      "integrity": "sha1-tSQ9jz7BqjXxNkYFvA0QNuMKtp8="
    },
    "yallist": {
      "version": "4.0.0",
      "resolved": "https://registry.npmjs.org/yallist/-/yallist-4.0.0.tgz",
      "integrity": "sha512-3wdGidZyq5PB084XLES5TpOSRA3wjXAlIWMhum2kRcv/41Sn2emQ0dycQW4uZXLejwKvg6EsvbdlVL+FYEct7A=="
    }
  }
}
